{
  "name": "monorepo",
  "lockfileVersion": 3,
  "requires": true,
  "packages": {
    "": {
      "name": "monorepo",
      "workspaces": [
        "package-1",
        "package-2",
        "package-3"
      ]
    },
    "node_modules/package-1": {
      "resolved": "package-1",
      "link": true
    },
    "node_modules/package-2": {
      "resolved": "package-2",
      "link": true
    },
    "node_modules/package-3": {
      "resolved": "package-3",
      "link": true
    },
    "package-1": {
      "version": "0.0.1-1"
    },
    "package-2": {
      "version": "2.0.0-1"
    },
    "package-3": {
      "version": "1.0.0-1"
    }
  }
}
