{
  "name": "monorepo",
  "lockfileVersion": 3,
  "requires": true,
  "packages": {
    "": {
      "name": "monorepo",
      "workspaces": [
        "packages/*"
      ]
    },
    "node_modules/package-1": {
      "resolved": "packages/package-1",
      "link": true
    },
    "node_modules/package-2": {
      "resolved": "packages/package-2",
      "link": true
    },
    "node_modules/package-3": {
      "resolved": "packages/package-3",
      "link": true
    },
    "packages/package-1": {
      "version": "1.0.0-1"
    },
    "packages/package-2": {
      "version": "1.0.0-1"
    },
    "packages/package-3": {
      "version": "1.0.0-1"
    }
  }
}
